// !$*UTF8*$!
{
	archiveVersion = 1;
	classes = {
	};
	objectVersion = 56;
	objects = {

/* Begin PBXBuildFile section */
		364BB8E0D13962C301C94507 /* Difficulty.swift in Sources */ = {isa = PBXBuildFile; fileRef = A394F99E6241AE3A4260596B /* Difficulty.swift */; };
		025C170C20036CEE647BE4B7 /* GameSnapshot.swift in Sources */ = {isa = PBXBuildFile; fileRef = 4C11370A125043558AB85A9B /* GameSnapshot.swift */; };
		73594831DF4D985277445C3F /* SudokuCell.swift in Sources */ = {isa = PBXBuildFile; fileRef = A3B7BF80BE53EBDA1146808F /* SudokuCell.swift */; };
		22823322F8C47F9E9D592099 /* SudokuLevel.swift in Sources */ = {isa = PBXBuildFile; fileRef = ECD241197744A98C309B8763 /* SudokuLevel.swift */; };
		8AC660F66FD5ABCB25093084 /* DifficultySelectionView.swift in Sources */ = {isa = PBXBuildFile; fileRef = 528CCB89205127B298983591 /* DifficultySelectionView.swift */; };
		FC2F57718B89C4C3A96CD0E5 /* GameView.swift in Sources */ = {isa = PBXBuildFile; fileRef = 46589CFB77ED41CCED617AD1 /* GameView.swift */; };
		B62EDCCF065C5F491D178F7D /* HomeView.swift in Sources */ = {isa = PBXBuildFile; fileRef = A64AD31D35FB50DCC17BD1C2 /* HomeView.swift */; };
		65C8088741544307370F7050 /* LevelSelectionView.swift in Sources */ = {isa = PBXBuildFile; fileRef = 2CFAD86A5CC091EC613ED69A /* LevelSelectionView.swift */; };
		D9A0727EA3A6F813F53F28D4 /* PauseView.swift in Sources */ = {isa = PBXBuildFile; fileRef = 3FDD29CB791D667E952A3476 /* PauseView.swift */; };
		D6D29DD2124E9C4B61ADFE77 /* RootView.swift in Sources */ = {isa = PBXBuildFile; fileRef = 0CDAF29ADA2CA408EBA8456F /* RootView.swift */; };
		9A0B0F73F5451912CCD1764F /* SettingsView.swift in Sources */ = {isa = PBXBuildFile; fileRef = CE9E72D8496D46BA67FD2BFC /* SettingsView.swift */; };
		499161BEB6660A171B34AD13 /* StatsView.swift in Sources */ = {isa = PBXBuildFile; fileRef = E543437731A364AAC376B24B /* StatsView.swift */; };
		2F9D59B0B2011FA8BC512841 /* VictoryView.swift in Sources */ = {isa = PBXBuildFile; fileRef = 475BD2A8A463E4D4ED961E5A /* VictoryView.swift */; };
		EB3844E4B9A92DF4191F2D47 /* LevelCatalog.swift in Sources */ = {isa = PBXBuildFile; fileRef = 5E44B8410B881698C28C73B5 /* LevelCatalog.swift */; };
		AE6F73F48C78B6F0CA8CEC4D /* ProgressStore.swift in Sources */ = {isa = PBXBuildFile; fileRef = 7C42D0D7C13EE59902B8F28D /* ProgressStore.swift */; };
		6B30BB4EA645FCCFCBA41864 /* SeededRandomNumberGenerator.swift in Sources */ = {isa = PBXBuildFile; fileRef = 3D97B482C4141C43144FF3A6 /* SeededRandomNumberGenerator.swift */; };
		614A30CE3CEE95311FFAA8C3 /* SudokuApp.swift in Sources */ = {isa = PBXBuildFile; fileRef = 7EFECAC1B6E6826568B1477D /* SudokuApp.swift */; };
		1BA049764571C85B5361967D /* SudokuGameViewModel.swift in Sources */ = {isa = PBXBuildFile; fileRef = A71DD3050F650F2E797EEF6B /* SudokuGameViewModel.swift */; };
		C06FC3DBD1C87A446ED4177D /* NumberPadView.swift in Sources */ = {isa = PBXBuildFile; fileRef = C94E25333F3CEF7C869E4426 /* NumberPadView.swift */; };
		249B50384E1936C69B738958 /* SudokuBoardView.swift in Sources */ = {isa = PBXBuildFile; fileRef = 055F7410C884AFA656C0A51D /* SudokuBoardView.swift */; };
		CE419A5B4624431E7B5BF48D /* Assets.xcassets in Resources */ = {isa = PBXBuildFile; fileRef = 0F3D21609FCFFB3807452666 /* Assets.xcassets */; };
/* End PBXBuildFile section */

/* Begin PBXFileReference section */
		A394F99E6241AE3A4260596B /* Difficulty.swift */ = {isa = PBXFileReference; lastKnownFileType = sourcecode.swift; name = Difficulty.swift; path = Models/Difficulty.swift; sourceTree = "<group>"; };
		4C11370A125043558AB85A9B /* GameSnapshot.swift */ = {isa = PBXFileReference; lastKnownFileType = sourcecode.swift; name = GameSnapshot.swift; path = Models/GameSnapshot.swift; sourceTree = "<group>"; };
		A3B7BF80BE53EBDA1146808F /* SudokuCell.swift */ = {isa = PBXFileReference; lastKnownFileType = sourcecode.swift; name = SudokuCell.swift; path = Models/SudokuCell.swift; sourceTree = "<group>"; };
		ECD241197744A98C309B8763 /* SudokuLevel.swift */ = {isa = PBXFileReference; lastKnownFileType = sourcecode.swift; name = SudokuLevel.swift; path = Models/SudokuLevel.swift; sourceTree = "<group>"; };
		528CCB89205127B298983591 /* DifficultySelectionView.swift */ = {isa = PBXFileReference; lastKnownFileType = sourcecode.swift; name = DifficultySelectionView.swift; path = Screens/DifficultySelectionView.swift; sourceTree = "<group>"; };
		46589CFB77ED41CCED617AD1 /* GameView.swift */ = {isa = PBXFileReference; lastKnownFileType = sourcecode.swift; name = GameView.swift; path = Screens/GameView.swift; sourceTree = "<group>"; };
		A64AD31D35FB50DCC17BD1C2 /* HomeView.swift */ = {isa = PBXFileReference; lastKnownFileType = sourcecode.swift; name = HomeView.swift; path = Screens/HomeView.swift; sourceTree = "<group>"; };
		2CFAD86A5CC091EC613ED69A /* LevelSelectionView.swift */ = {isa = PBXFileReference; lastKnownFileType = sourcecode.swift; name = LevelSelectionView.swift; path = Screens/LevelSelectionView.swift; sourceTree = "<group>"; };
		3FDD29CB791D667E952A3476 /* PauseView.swift */ = {isa = PBXFileReference; lastKnownFileType = sourcecode.swift; name = PauseView.swift; path = Screens/PauseView.swift; sourceTree = "<group>"; };
		0CDAF29ADA2CA408EBA8456F /* RootView.swift */ = {isa = PBXFileReference; lastKnownFileType = sourcecode.swift; name = RootView.swift; path = Screens/RootView.swift; sourceTree = "<group>"; };
		CE9E72D8496D46BA67FD2BFC /* SettingsView.swift */ = {isa = PBXFileReference; lastKnownFileType = sourcecode.swift; name = SettingsView.swift; path = Screens/SettingsView.swift; sourceTree = "<group>"; };
		E543437731A364AAC376B24B /* StatsView.swift */ = {isa = PBXFileReference; lastKnownFileType = sourcecode.swift; name = StatsView.swift; path = Screens/StatsView.swift; sourceTree = "<group>"; };
		475BD2A8A463E4D4ED961E5A /* VictoryView.swift */ = {isa = PBXFileReference; lastKnownFileType = sourcecode.swift; name = VictoryView.swift; path = Screens/VictoryView.swift; sourceTree = "<group>"; };
		5E44B8410B881698C28C73B5 /* LevelCatalog.swift */ = {isa = PBXFileReference; lastKnownFileType = sourcecode.swift; name = LevelCatalog.swift; path = Services/LevelCatalog.swift; sourceTree = "<group>"; };
		7C42D0D7C13EE59902B8F28D /* ProgressStore.swift */ = {isa = PBXFileReference; lastKnownFileType = sourcecode.swift; name = ProgressStore.swift; path = Services/ProgressStore.swift; sourceTree = "<group>"; };
		3D97B482C4141C43144FF3A6 /* SeededRandomNumberGenerator.swift */ = {isa = PBXFileReference; lastKnownFileType = sourcecode.swift; name = SeededRandomNumberGenerator.swift; path = Services/SeededRandomNumberGenerator.swift; sourceTree = "<group>"; };
		7EFECAC1B6E6826568B1477D /* SudokuApp.swift */ = {isa = PBXFileReference; lastKnownFileType = sourcecode.swift; name = SudokuApp.swift; path = SudokuApp.swift; sourceTree = "<group>"; };
		A71DD3050F650F2E797EEF6B /* SudokuGameViewModel.swift */ = {isa = PBXFileReference; lastKnownFileType = sourcecode.swift; name = SudokuGameViewModel.swift; path = ViewModels/SudokuGameViewModel.swift; sourceTree = "<group>"; };
		C94E25333F3CEF7C869E4426 /* NumberPadView.swift */ = {isa = PBXFileReference; lastKnownFileType = sourcecode.swift; name = NumberPadView.swift; path = Views/NumberPadView.swift; sourceTree = "<group>"; };
		055F7410C884AFA656C0A51D /* SudokuBoardView.swift */ = {isa = PBXFileReference; lastKnownFileType = sourcecode.swift; name = SudokuBoardView.swift; path = Views/SudokuBoardView.swift; sourceTree = "<group>"; };
		B4BCBC067FF73390479DBEF1 /* Info.plist */ = {isa = PBXFileReference; lastKnownFileType = text.plist.xml; path = Info.plist; sourceTree = "<group>"; };
		0F3D21609FCFFB3807452666 /* Assets.xcassets */ = {isa = PBXFileReference; lastKnownFileType = folder.assetcatalog; path = Assets.xcassets; sourceTree = "<group>"; };
		PRODUCTREF000000000001 /* Sudoku.app */ = {isa = PBXFileReference; explicitFileType = wrapper.application; includeInIndex = 0; path = Sudoku.app; sourceTree = BUILT_PRODUCTS_DIR; };
/* End PBXFileReference section */

/* Begin PBXFrameworksBuildPhase section */
		PHASE0000000000000001 /* Frameworks */ = {
			isa = PBXFrameworksBuildPhase;
			buildActionMask = 2147483647;
			files = (
			);
			runOnlyForDeploymentPostprocessing = 0;
		};
/* End PBXFrameworksBuildPhase section */

/* Begin PBXGroup section */
		GROUP000000000000000001 = {
			isa = PBXGroup;
			children = (
				GROUPSUDOKU000000000001 /* Sudoku */,
				GROUP000000000000000002 /* Products */,
			);
			sourceTree = "<group>";
		};
		GROUPSUDOKU000000000001 /* Sudoku */ = {
			isa = PBXGroup;
			children = (
				A394F99E6241AE3A4260596B /* Difficulty.swift */,
				4C11370A125043558AB85A9B /* GameSnapshot.swift */,
				A3B7BF80BE53EBDA1146808F /* SudokuCell.swift */,
				ECD241197744A98C309B8763 /* SudokuLevel.swift */,
				528CCB89205127B298983591 /* DifficultySelectionView.swift */,
				46589CFB77ED41CCED617AD1 /* GameView.swift */,
				A64AD31D35FB50DCC17BD1C2 /* HomeView.swift */,
				2CFAD86A5CC091EC613ED69A /* LevelSelectionView.swift */,
				3FDD29CB791D667E952A3476 /* PauseView.swift */,
				0CDAF29ADA2CA408EBA8456F /* RootView.swift */,
				CE9E72D8496D46BA67FD2BFC /* SettingsView.swift */,
				E543437731A364AAC376B24B /* StatsView.swift */,
				475BD2A8A463E4D4ED961E5A /* VictoryView.swift */,
				5E44B8410B881698C28C73B5 /* LevelCatalog.swift */,
				7C42D0D7C13EE59902B8F28D /* ProgressStore.swift */,
				3D97B482C4141C43144FF3A6 /* SeededRandomNumberGenerator.swift */,
				7EFECAC1B6E6826568B1477D /* SudokuApp.swift */,
				A71DD3050F650F2E797EEF6B /* SudokuGameViewModel.swift */,
				C94E25333F3CEF7C869E4426 /* NumberPadView.swift */,
				055F7410C884AFA656C0A51D /* SudokuBoardView.swift */,
				B4BCBC067FF73390479DBEF1 /* Info.plist */,
				0F3D21609FCFFB3807452666 /* Assets.xcassets */,
			);
			path = Sudoku;
			sourceTree = "<group>";
		};
		GROUP000000000000000002 /* Products */ = {
			isa = PBXGroup;
			children = (
				PRODUCTREF000000000001 /* Sudoku.app */,
			);
			name = Products;
			sourceTree = "<group>";
		};
/* End PBXGroup section */

/* Begin PBXNativeTarget section */
		TARGET0000000000000001 /* Sudoku */ = {
			isa = PBXNativeTarget;
			buildConfigurationList = CONFIGLIST000000000002 /* Build configuration list for PBXNativeTarget "Sudoku" */;
			buildPhases = (
				PHASE0000000000000002 /* Sources */,
				PHASE0000000000000001 /* Frameworks */,
				PHASE0000000000000003 /* Resources */,
			);
			buildRules = (
			);
			dependencies = (
			);
			name = Sudoku;
			productName = Sudoku;
			productReference = PRODUCTREF000000000001 /* Sudoku.app */;
			productType = "com.apple.product-type.application";
		};
/* End PBXNativeTarget section */

/* Begin PBXProject section */
		PROJECT0000000000000001 /* Project object */ = {
			isa = PBXProject;
			attributes = {
				BuildIndependentTargetsInParallel = 1;
				LastSwiftUpdateCheck = 1540;
				LastUpgradeCheck = 1540;
				TargetAttributes = {
					TARGET0000000000000001 = {
						CreatedOnToolsVersion = 15.4;
					};
				};
			};
			buildConfigurationList = CONFIGLIST000000000001 /* Build configuration list for PBXProject "Sudoku" */;
			compatibilityVersion = "Xcode 14.0";
			developmentRegion = en;
			hasScannedForEncodings = 0;
			knownRegions = (
				en,
				Base,
			);
			mainGroup = GROUP000000000000000001;
			productRefGroup = GROUP000000000000000002 /* Products */;
			projectDirPath = "";
			projectRoot = "";
			targets = (
				TARGET0000000000000001 /* Sudoku */,
			);
		};
/* End PBXProject section */

/* Begin PBXResourcesBuildPhase section */
		PHASE0000000000000003 /* Resources */ = {
			isa = PBXResourcesBuildPhase;
			buildActionMask = 2147483647;
			files = (
				CE419A5B4624431E7B5BF48D /* Assets.xcassets in Resources */,
			);
			runOnlyForDeploymentPostprocessing = 0;
		};
/* End PBXResourcesBuildPhase section */

/* Begin PBXSourcesBuildPhase section */
		PHASE0000000000000002 /* Sources */ = {
			isa = PBXSourcesBuildPhase;
			buildActionMask = 2147483647;
			files = (
				364BB8E0D13962C301C94507 /* Difficulty.swift in Sources */,
				025C170C20036CEE647BE4B7 /* GameSnapshot.swift in Sources */,
				73594831DF4D985277445C3F /* SudokuCell.swift in Sources */,
				22823322F8C47F9E9D592099 /* SudokuLevel.swift in Sources */,
				8AC660F66FD5ABCB25093084 /* DifficultySelectionView.swift in Sources */,
				FC2F57718B89C4C3A96CD0E5 /* GameView.swift in Sources */,
				B62EDCCF065C5F491D178F7D /* HomeView.swift in Sources */,
				65C8088741544307370F7050 /* LevelSelectionView.swift in Sources */,
				D9A0727EA3A6F813F53F28D4 /* PauseView.swift in Sources */,
				D6D29DD2124E9C4B61ADFE77 /* RootView.swift in Sources */,
				9A0B0F73F5451912CCD1764F /* SettingsView.swift in Sources */,
				499161BEB6660A171B34AD13 /* StatsView.swift in Sources */,
				2F9D59B0B2011FA8BC512841 /* VictoryView.swift in Sources */,
				EB3844E4B9A92DF4191F2D47 /* LevelCatalog.swift in Sources */,
				AE6F73F48C78B6F0CA8CEC4D /* ProgressStore.swift in Sources */,
				6B30BB4EA645FCCFCBA41864 /* SeededRandomNumberGenerator.swift in Sources */,
				614A30CE3CEE95311FFAA8C3 /* SudokuApp.swift in Sources */,
				1BA049764571C85B5361967D /* SudokuGameViewModel.swift in Sources */,
				C06FC3DBD1C87A446ED4177D /* NumberPadView.swift in Sources */,
				249B50384E1936C69B738958 /* SudokuBoardView.swift in Sources */,
			);
			runOnlyForDeploymentPostprocessing = 0;
		};
/* End PBXSourcesBuildPhase section */

/* Begin XCBuildConfiguration section */
		CONFIGDEBUGPROJ00000001 /* Debug */ = {isa = XCBuildConfiguration; buildSettings = {ALWAYS_SEARCH_USER_PATHS = NO; CLANG_ANALYZER_NONNULL = YES; CLANG_ANALYZER_NUMBER_OBJECT_CONVERSION = YES_AGGRESSIVE; CLANG_CXX_LANGUAGE_STANDARD = "gnu++20"; CLANG_ENABLE_MODULES = YES; CLANG_ENABLE_OBJC_ARC = YES; CLANG_ENABLE_OBJC_WEAK = YES; CLANG_WARN_BLOCK_CAPTURE_AUTORELEASING = YES; CLANG_WARN_BOOL_CONVERSION = YES; CLANG_WARN_COMMA = YES; CLANG_WARN_CONSTANT_CONVERSION = YES; CLANG_WARN_DEPRECATED_OBJC_IMPLEMENTATIONS = YES; CLANG_WARN_DIRECT_OBJC_ISA_USAGE = YES_ERROR; CLANG_WARN_DOCUMENTATION_COMMENTS = YES; CLANG_WARN_EMPTY_BODY = YES; CLANG_WARN_ENUM_CONVERSION = YES; CLANG_WARN_INFINITE_RECURSION = YES; CLANG_WARN_INT_CONVERSION = YES; CLANG_WARN_NON_LITERAL_NULL_CONVERSION = YES; CLANG_WARN_OBJC_IMPLICIT_RETAIN_SELF = YES; CLANG_WARN_OBJC_LITERAL_CONVERSION = YES; CLANG_WARN_OBJC_ROOT_CLASS = YES_ERROR; CLANG_WARN_QUOTED_INCLUDE_IN_FRAMEWORK_HEADER = YES; CLANG_WARN_RANGE_LOOP_ANALYSIS = YES; CLANG_WARN_STRICT_PROTOTYPES = YES; CLANG_WARN_SUSPICIOUS_MOVE = YES; CLANG_WARN_UNGUARDED_AVAILABILITY = YES_AGGRESSIVE; CLANG_WARN_UNREACHABLE_CODE = YES; CLANG_WARN__DUPLICATE_METHOD_MATCH = YES; COPY_PHASE_STRIP = NO; DEBUG_INFORMATION_FORMAT = dwarf; ENABLE_STRICT_OBJC_MSGSEND = YES; ENABLE_TESTABILITY = YES; ENABLE_USER_SCRIPT_SANDBOXING = YES; GCC_C_LANGUAGE_STANDARD = gnu17; GCC_DYNAMIC_NO_PIC = NO; GCC_NO_COMMON_BLOCKS = YES; GCC_OPTIMIZATION_LEVEL = 0; GCC_PREPROCESSOR_DEFINITIONS = ("DEBUG=1", "$(inherited)"); GCC_WARN_64_TO_32_BIT_CONVERSION = YES; GCC_WARN_ABOUT_RETURN_TYPE = YES_ERROR; GCC_WARN_UNDECLARED_SELECTOR = YES; GCC_WARN_UNINITIALIZED_AUTOS = YES_AGGRESSIVE; GCC_WARN_UNUSED_FUNCTION = YES; GCC_WARN_UNUSED_VARIABLE = YES; IPHONEOS_DEPLOYMENT_TARGET = 17.0; MTL_ENABLE_DEBUG_INFO = INCLUDE_SOURCE; MTL_FAST_MATH = YES; ONLY_ACTIVE_ARCH = YES; SDKROOT = iphoneos; SWIFT_ACTIVE_COMPILATION_CONDITIONS = DEBUG; SWIFT_OPTIMIZATION_LEVEL = "-Onone"; }; name = Debug; };
		CONFIGRELEASEPROJ000001 /* Release */ = {isa = XCBuildConfiguration; buildSettings = {ALWAYS_SEARCH_USER_PATHS = NO; CLANG_ANALYZER_NONNULL = YES; CLANG_ANALYZER_NUMBER_OBJECT_CONVERSION = YES_AGGRESSIVE; CLANG_CXX_LANGUAGE_STANDARD = "gnu++20"; CLANG_ENABLE_MODULES = YES; CLANG_ENABLE_OBJC_ARC = YES; CLANG_ENABLE_OBJC_WEAK = YES; CLANG_WARN_BLOCK_CAPTURE_AUTORELEASING = YES; CLANG_WARN_BOOL_CONVERSION = YES; CLANG_WARN_COMMA = YES; CLANG_WARN_CONSTANT_CONVERSION = YES; CLANG_WARN_DEPRECATED_OBJC_IMPLEMENTATIONS = YES; CLANG_WARN_DIRECT_OBJC_ISA_USAGE = YES_ERROR; CLANG_WARN_DOCUMENTATION_COMMENTS = YES; CLANG_WARN_EMPTY_BODY = YES; CLANG_WARN_ENUM_CONVERSION = YES; CLANG_WARN_INFINITE_RECURSION = YES; CLANG_WARN_INT_CONVERSION = YES; CLANG_WARN_NON_LITERAL_NULL_CONVERSION = YES; CLANG_WARN_OBJC_IMPLICIT_RETAIN_SELF = YES; CLANG_WARN_OBJC_LITERAL_CONVERSION = YES; CLANG_WARN_OBJC_ROOT_CLASS = YES_ERROR; CLANG_WARN_QUOTED_INCLUDE_IN_FRAMEWORK_HEADER = YES; CLANG_WARN_RANGE_LOOP_ANALYSIS = YES; CLANG_WARN_STRICT_PROTOTYPES = YES; CLANG_WARN_SUSPICIOUS_MOVE = YES; CLANG_WARN_UNGUARDED_AVAILABILITY = YES_AGGRESSIVE; CLANG_WARN_UNREACHABLE_CODE = YES; CLANG_WARN__DUPLICATE_METHOD_MATCH = YES; COPY_PHASE_STRIP = NO; DEBUG_INFORMATION_FORMAT = "dwarf-with-dsym"; ENABLE_NS_ASSERTIONS = NO; ENABLE_STRICT_OBJC_MSGSEND = YES; ENABLE_USER_SCRIPT_SANDBOXING = YES; GCC_C_LANGUAGE_STANDARD = gnu17; GCC_NO_COMMON_BLOCKS = YES; GCC_WARN_64_TO_32_BIT_CONVERSION = YES; GCC_WARN_ABOUT_RETURN_TYPE = YES_ERROR; GCC_WARN_UNDECLARED_SELECTOR = YES; GCC_WARN_UNINITIALIZED_AUTOS = YES_AGGRESSIVE; GCC_WARN_UNUSED_FUNCTION = YES; GCC_WARN_UNUSED_VARIABLE = YES; IPHONEOS_DEPLOYMENT_TARGET = 17.0; MTL_ENABLE_DEBUG_INFO = NO; MTL_FAST_MATH = YES; SDKROOT = iphoneos; SWIFT_COMPILATION_MODE = wholemodule; VALIDATE_PRODUCT = YES; }; name = Release; };
		CONFIGDEBUGTARGET000001 /* Debug */ = {isa = XCBuildConfiguration; buildSettings = {ASSETCATALOG_COMPILER_APPICON_NAME = AppIcon; ASSETCATALOG_COMPILER_GLOBAL_ACCENT_COLOR_NAME = AccentColor; CODE_SIGN_STYLE = Automatic; CURRENT_PROJECT_VERSION = 1; GENERATE_INFOPLIST_FILE = YES; INFOPLIST_FILE = Sudoku/Info.plist; MARKETING_VERSION = 1.0; PRODUCT_BUNDLE_IDENTIFIER = com.example.sudoku; PRODUCT_NAME = "$(TARGET_NAME)"; SWIFT_EMIT_LOC_STRINGS = YES; SWIFT_VERSION = 5.0; TARGETED_DEVICE_FAMILY = "1,2"; }; name = Debug; };
		CONFIGRELEASETARGET001 /* Release */ = {isa = XCBuildConfiguration; buildSettings = {ASSETCATALOG_COMPILER_APPICON_NAME = AppIcon; ASSETCATALOG_COMPILER_GLOBAL_ACCENT_COLOR_NAME = AccentColor; CODE_SIGN_STYLE = Automatic; CURRENT_PROJECT_VERSION = 1; GENERATE_INFOPLIST_FILE = YES; INFOPLIST_FILE = Sudoku/Info.plist; MARKETING_VERSION = 1.0; PRODUCT_BUNDLE_IDENTIFIER = com.example.sudoku; PRODUCT_NAME = "$(TARGET_NAME)"; SWIFT_EMIT_LOC_STRINGS = YES; SWIFT_VERSION = 5.0; TARGETED_DEVICE_FAMILY = "1,2"; }; name = Release; };
/* End XCBuildConfiguration section */

/* Begin XCConfigurationList section */
		CONFIGLIST000000000001 /* Build configuration list for PBXProject "Sudoku" */ = {isa = XCConfigurationList; buildConfigurations = (CONFIGDEBUGPROJ00000001 /* Debug */, CONFIGRELEASEPROJ000001 /* Release */,); defaultConfigurationIsVisible = 0; defaultConfigurationName = Release; };
		CONFIGLIST000000000002 /* Build configuration list for PBXNativeTarget "Sudoku" */ = {isa = XCConfigurationList; buildConfigurations = (CONFIGDEBUGTARGET000001 /* Debug */, CONFIGRELEASETARGET001 /* Release */,); defaultConfigurationIsVisible = 0; defaultConfigurationName = Release; };
/* End XCConfigurationList section */
	};
	rootObject = PROJECT0000000000000001 /* Project object */;
}
